PODS:
  - ChameleonFramework/Default (2.1.0)
  - ChameleonFramework/Swift (2.1.0):
    - ChameleonFramework/Default
  - Realm (10.49.3):
    - Realm/Headers (= 10.49.3)
  - Realm/Headers (10.49.3)
  - RealmSwift (10.49.3):
    - Realm (= 10.49.3)
  - SwipeCellKit (2.7.1)

DEPENDENCIES:
  - ChameleonFramework/Swift (from `https://github.com/wowansm/Chameleon.git`, branch `swift5`)
  - Realm
  - RealmSwift
  - SwipeCellKit

SPEC REPOS:
  trunk:
    - Realm
    - RealmSwift
    - SwipeCellKit

EXTERNAL SOURCES:
  ChameleonFramework:
    :branch: swift5
    :git: https://github.com/wowansm/Chameleon.git

CHECKOUT OPTIONS:
  ChameleonFramework:
    :commit: 96d52c36a45847fff60bcff7a58fec1e4bd7390b
    :git: https://github.com/wowansm/Chameleon.git

SPEC CHECKSUMS:
  ChameleonFramework: d21a3cc247abfe5e37609a283a8238b03575cf64
  Realm: d7cfad3146a7cb9caa00799a216ff0d80c33f36f
  RealmSwift: 06fb2d9cf029b837fe76136446199906b096470a
  SwipeCellKit: 3972254a826da74609926daf59b08d6c72e619ea

PODFILE CHECKSUM: a28b0a1b8a93be93928bb7164816e3d73a933de5

COCOAPODS: 1.15.2
