// !$*UTF8*$!
{
	archiveVersion = 1;
	classes = {
	};
	objectVersion = 56;
	objects = {

/* Begin PBXBuildFile section */
		9B19A9402BEB705900DC781A /* SwipeTableViewController.swift in Sources */ = {isa = PBXBuildFile; fileRef = 9B19A93F2BEB705900DC781A /* SwipeTableViewController.swift */; };
		9B4957CE2BE3B46B00EDCF92 /* AppDelegate.swift in Sources */ = {isa = PBXBuildFile; fileRef = 9B4957CD2BE3B46B00EDCF92 /* AppDelegate.swift */; };
		9B4957D02BE3B46B00EDCF92 /* SceneDelegate.swift in Sources */ = {isa = PBXBuildFile; fileRef = 9B4957CF2BE3B46B00EDCF92 /* SceneDelegate.swift */; };
		9B4957D52BE3B46B00EDCF92 /* Base in Resources */ = {isa = PBXBuildFile; fileRef = 9B4957D42BE3B46B00EDCF92 /* Base */; };
		9B4957D72BE3B46C00EDCF92 /* Assets.xcassets in Resources */ = {isa = PBXBuildFile; fileRef = 9B4957D62BE3B46C00EDCF92 /* Assets.xcassets */; };
		9B4957DA2BE3B46C00EDCF92 /* Base in Resources */ = {isa = PBXBuildFile; fileRef = 9B4957D92BE3B46C00EDCF92 /* Base */; };
		9B4957E22BE3B50400EDCF92 /* HomeTableViewController.swift in Sources */ = {isa = PBXBuildFile; fileRef = 9B4957E12BE3B50400EDCF92 /* HomeTableViewController.swift */; };
		9B8520B42BE94BDC007D5334 /* Item.swift in Sources */ = {isa = PBXBuildFile; fileRef = 9B8520B32BE94BDC007D5334 /* Item.swift */; };
		9B8520B62BE94BEE007D5334 /* Category.swift in Sources */ = {isa = PBXBuildFile; fileRef = 9B8520B52BE94BEE007D5334 /* Category.swift */; };
		9B8520B82BEA2EBC007D5334 /* ItemTableViewController.swift in Sources */ = {isa = PBXBuildFile; fileRef = 9B8520B72BEA2EBC007D5334 /* ItemTableViewController.swift */; };
		AD675301213B60D47EE08A7D /* Pods_TaskTastic.framework in Frameworks */ = {isa = PBXBuildFile; fileRef = AE215970C8551B9B11B68716 /* Pods_TaskTastic.framework */; };
/* End PBXBuildFile section */

/* Begin PBXFileReference section */
		043660FDBDDBD76E783D1DC4 /* Pods-TaskTastic.release.xcconfig */ = {isa = PBXFileReference; includeInIndex = 1; lastKnownFileType = text.xcconfig; name = "Pods-TaskTastic.release.xcconfig"; path = "Target Support Files/Pods-TaskTastic/Pods-TaskTastic.release.xcconfig"; sourceTree = "<group>"; };
		9B19A93F2BEB705900DC781A /* SwipeTableViewController.swift */ = {isa = PBXFileReference; lastKnownFileType = sourcecode.swift; path = SwipeTableViewController.swift; sourceTree = "<group>"; };
		9B4957CA2BE3B46B00EDCF92 /* TaskTastic.app */ = {isa = PBXFileReference; explicitFileType = wrapper.application; includeInIndex = 0; path = TaskTastic.app; sourceTree = BUILT_PRODUCTS_DIR; };
		9B4957CD2BE3B46B00EDCF92 /* AppDelegate.swift */ = {isa = PBXFileReference; lastKnownFileType = sourcecode.swift; path = AppDelegate.swift; sourceTree = "<group>"; };
		9B4957CF2BE3B46B00EDCF92 /* SceneDelegate.swift */ = {isa = PBXFileReference; lastKnownFileType = sourcecode.swift; path = SceneDelegate.swift; sourceTree = "<group>"; };
		9B4957D42BE3B46B00EDCF92 /* Base */ = {isa = PBXFileReference; lastKnownFileType = file.storyboard; name = Base; path = Base.lproj/Main.storyboard; sourceTree = "<group>"; };
		9B4957D62BE3B46C00EDCF92 /* Assets.xcassets */ = {isa = PBXFileReference; lastKnownFileType = folder.assetcatalog; path = Assets.xcassets; sourceTree = "<group>"; };
		9B4957D92BE3B46C00EDCF92 /* Base */ = {isa = PBXFileReference; lastKnownFileType = file.storyboard; name = Base; path = Base.lproj/LaunchScreen.storyboard; sourceTree = "<group>"; };
		9B4957DB2BE3B46C00EDCF92 /* Info.plist */ = {isa = PBXFileReference; lastKnownFileType = text.plist.xml; path = Info.plist; sourceTree = "<group>"; };
		9B4957E12BE3B50400EDCF92 /* HomeTableViewController.swift */ = {isa = PBXFileReference; lastKnownFileType = sourcecode.swift; path = HomeTableViewController.swift; sourceTree = "<group>"; };
		9B8520B32BE94BDC007D5334 /* Item.swift */ = {isa = PBXFileReference; lastKnownFileType = sourcecode.swift; path = Item.swift; sourceTree = "<group>"; };
		9B8520B52BE94BEE007D5334 /* Category.swift */ = {isa = PBXFileReference; lastKnownFileType = sourcecode.swift; path = Category.swift; sourceTree = "<group>"; };
		9B8520B72BEA2EBC007D5334 /* ItemTableViewController.swift */ = {isa = PBXFileReference; lastKnownFileType = sourcecode.swift; path = ItemTableViewController.swift; sourceTree = "<group>"; };
		AE215970C8551B9B11B68716 /* Pods_TaskTastic.framework */ = {isa = PBXFileReference; explicitFileType = wrapper.framework; includeInIndex = 0; path = Pods_TaskTastic.framework; sourceTree = BUILT_PRODUCTS_DIR; };
		D2029DB6D03EA8596D6B00FE /* Pods-TaskTastic.debug.xcconfig */ = {isa = PBXFileReference; includeInIndex = 1; lastKnownFileType = text.xcconfig; name = "Pods-TaskTastic.debug.xcconfig"; path = "Target Support Files/Pods-TaskTastic/Pods-TaskTastic.debug.xcconfig"; sourceTree = "<group>"; };
/* End PBXFileReference section */

/* Begin PBXFrameworksBuildPhase section */
		9B4957C72BE3B46B00EDCF92 /* Frameworks */ = {
			isa = PBXFrameworksBuildPhase;
			buildActionMask = 2147483647;
			files = (
				AD675301213B60D47EE08A7D /* Pods_TaskTastic.framework in Frameworks */,
			);
			runOnlyForDeploymentPostprocessing = 0;
		};
/* End PBXFrameworksBuildPhase section */

/* Begin PBXGroup section */
		1CA7174A2EB882FFA9E78C73 /* Frameworks */ = {
			isa = PBXGroup;
			children = (
				AE215970C8551B9B11B68716 /* Pods_TaskTastic.framework */,
			);
			name = Frameworks;
			sourceTree = "<group>";
		};
		47CBEA511904A2E603A0F40C /* Pods */ = {
			isa = PBXGroup;
			children = (
				D2029DB6D03EA8596D6B00FE /* Pods-TaskTastic.debug.xcconfig */,
				043660FDBDDBD76E783D1DC4 /* Pods-TaskTastic.release.xcconfig */,
			);
			path = Pods;
			sourceTree = "<group>";
		};
		9B4957C12BE3B46B00EDCF92 = {
			isa = PBXGroup;
			children = (
				9B4957CC2BE3B46B00EDCF92 /* TaskTastic */,
				9B4957CB2BE3B46B00EDCF92 /* Products */,
				47CBEA511904A2E603A0F40C /* Pods */,
				1CA7174A2EB882FFA9E78C73 /* Frameworks */,
			);
			sourceTree = "<group>";
		};
		9B4957CB2BE3B46B00EDCF92 /* Products */ = {
			isa = PBXGroup;
			children = (
				9B4957CA2BE3B46B00EDCF92 /* TaskTastic.app */,
			);
			name = Products;
			sourceTree = "<group>";
		};
		9B4957CC2BE3B46B00EDCF92 /* TaskTastic */ = {
			isa = PBXGroup;
			children = (
				9B4957CD2BE3B46B00EDCF92 /* AppDelegate.swift */,
				9B4957CF2BE3B46B00EDCF92 /* SceneDelegate.swift */,
				9B8520B92BEA56C3007D5334 /* Controller */,
				9B8520BA2BEA56D8007D5334 /* Model */,
				9B4957D32BE3B46B00EDCF92 /* Main.storyboard */,
				9B4957D62BE3B46C00EDCF92 /* Assets.xcassets */,
				9B4957D82BE3B46C00EDCF92 /* LaunchScreen.storyboard */,
				9B4957DB2BE3B46C00EDCF92 /* Info.plist */,
			);
			path = TaskTastic;
			sourceTree = "<group>";
		};
		9B8520B92BEA56C3007D5334 /* Controller */ = {
			isa = PBXGroup;
			children = (
				9B19A93F2BEB705900DC781A /* SwipeTableViewController.swift */,
				9B4957E12BE3B50400EDCF92 /* HomeTableViewController.swift */,
				9B8520B72BEA2EBC007D5334 /* ItemTableViewController.swift */,
			);
			path = Controller;
			sourceTree = "<group>";
		};
		9B8520BA2BEA56D8007D5334 /* Model */ = {
			isa = PBXGroup;
			children = (
				9B8520B32BE94BDC007D5334 /* Item.swift */,
				9B8520B52BE94BEE007D5334 /* Category.swift */,
			);
			path = Model;
			sourceTree = "<group>";
		};
/* End PBXGroup section */

/* Begin PBXNativeTarget section */
		9B4957C92BE3B46B00EDCF92 /* TaskTastic */ = {
			isa = PBXNativeTarget;
			buildConfigurationList = 9B4957DE2BE3B46C00EDCF92 /* Build configuration list for PBXNativeTarget "TaskTastic" */;
			buildPhases = (
				F3D2C463F9E7D82AE11793C2 /* [CP] Check Pods Manifest.lock */,
				9B4957C62BE3B46B00EDCF92 /* Sources */,
				9B4957C72BE3B46B00EDCF92 /* Frameworks */,
				9B4957C82BE3B46B00EDCF92 /* Resources */,
				8CE265A032974B7D2FC3DC17 /* [CP] Embed Pods Frameworks */,
			);
			buildRules = (
			);
			dependencies = (
			);
			name = TaskTastic;
			productName = TaskTastic;
			productReference = 9B4957CA2BE3B46B00EDCF92 /* TaskTastic.app */;
			productType = "com.apple.product-type.application";
		};
/* End PBXNativeTarget section */

/* Begin PBXProject section */
		9B4957C22BE3B46B00EDCF92 /* Project object */ = {
			isa = PBXProject;
			attributes = {
				BuildIndependentTargetsInParallel = 1;
				LastSwiftUpdateCheck = 1530;
				LastUpgradeCheck = 1530;
				TargetAttributes = {
					9B4957C92BE3B46B00EDCF92 = {
						CreatedOnToolsVersion = 15.3;
					};
				};
			};
			buildConfigurationList = 9B4957C52BE3B46B00EDCF92 /* Build configuration list for PBXProject "TaskTastic" */;
			compatibilityVersion = "Xcode 14.0";
			developmentRegion = en;
			hasScannedForEncodings = 0;
			knownRegions = (
				en,
				Base,
			);
			mainGroup = 9B4957C12BE3B46B00EDCF92;
			productRefGroup = 9B4957CB2BE3B46B00EDCF92 /* Products */;
			projectDirPath = "";
			projectRoot = "";
			targets = (
				9B4957C92BE3B46B00EDCF92 /* TaskTastic */,
			);
		};
/* End PBXProject section */

/* Begin PBXResourcesBuildPhase section */
		9B4957C82BE3B46B00EDCF92 /* Resources */ = {
			isa = PBXResourcesBuildPhase;
			buildActionMask = 2147483647;
			files = (
				9B4957D72BE3B46C00EDCF92 /* Assets.xcassets in Resources */,
				9B4957DA2BE3B46C00EDCF92 /* Base in Resources */,
				9B4957D52BE3B46B00EDCF92 /* Base in Resources */,
			);
			runOnlyForDeploymentPostprocessing = 0;
		};
/* End PBXResourcesBuildPhase section */

/* Begin PBXShellScriptBuildPhase section */
		8CE265A032974B7D2FC3DC17 /* [CP] Embed Pods Frameworks */ = {
			isa = PBXShellScriptBuildPhase;
			buildActionMask = 2147483647;
			files = (
			);
			inputFileListPaths = (
				"${PODS_ROOT}/Target Support Files/Pods-TaskTastic/Pods-TaskTastic-frameworks-${CONFIGURATION}-input-files.xcfilelist",
			);
			name = "[CP] Embed Pods Frameworks";
			outputFileListPaths = (
				"${PODS_ROOT}/Target Support Files/Pods-TaskTastic/Pods-TaskTastic-frameworks-${CONFIGURATION}-output-files.xcfilelist",
			);
			runOnlyForDeploymentPostprocessing = 0;
			shellPath = /bin/sh;
			shellScript = "\"${PODS_ROOT}/Target Support Files/Pods-TaskTastic/Pods-TaskTastic-frameworks.sh\"\n";
			showEnvVarsInLog = 0;
		};
		F3D2C463F9E7D82AE11793C2 /* [CP] Check Pods Manifest.lock */ = {
			isa = PBXShellScriptBuildPhase;
			buildActionMask = 2147483647;
			files = (
			);
			inputFileListPaths = (
			);
			inputPaths = (
				"${PODS_PODFILE_DIR_PATH}/Podfile.lock",
				"${PODS_ROOT}/Manifest.lock",
			);
			name = "[CP] Check Pods Manifest.lock";
			outputFileListPaths = (
			);
			outputPaths = (
				"$(DERIVED_FILE_DIR)/Pods-TaskTastic-checkManifestLockResult.txt",
			);
			runOnlyForDeploymentPostprocessing = 0;
			shellPath = /bin/sh;
			shellScript = "diff \"${PODS_PODFILE_DIR_PATH}/Podfile.lock\" \"${PODS_ROOT}/Manifest.lock\" > /dev/null\nif [ $? != 0 ] ; then\n    # print error to STDERR\n    echo \"error: The sandbox is not in sync with the Podfile.lock. Run 'pod install' or update your CocoaPods installation.\" >&2\n    exit 1\nfi\n# This output is used by Xcode 'outputs' to avoid re-running this script phase.\necho \"SUCCESS\" > \"${SCRIPT_OUTPUT_FILE_0}\"\n";
			showEnvVarsInLog = 0;
		};
/* End PBXShellScriptBuildPhase section */

/* Begin PBXSourcesBuildPhase section */
		9B4957C62BE3B46B00EDCF92 /* Sources */ = {
			isa = PBXSourcesBuildPhase;
			buildActionMask = 2147483647;
			files = (
				9B8520B42BE94BDC007D5334 /* Item.swift in Sources */,
				9B8520B62BE94BEE007D5334 /* Category.swift in Sources */,
				9B4957E22BE3B50400EDCF92 /* HomeTableViewController.swift in Sources */,
				9B19A9402BEB705900DC781A /* SwipeTableViewController.swift in Sources */,
				9B4957CE2BE3B46B00EDCF92 /* AppDelegate.swift in Sources */,
				9B8520B82BEA2EBC007D5334 /* ItemTableViewController.swift in Sources */,
				9B4957D02BE3B46B00EDCF92 /* SceneDelegate.swift in Sources */,
			);
			runOnlyForDeploymentPostprocessing = 0;
		};
/* End PBXSourcesBuildPhase section */

/* Begin PBXVariantGroup section */
		9B4957D32BE3B46B00EDCF92 /* Main.storyboard */ = {
			isa = PBXVariantGroup;
			children = (
				9B4957D42BE3B46B00EDCF92 /* Base */,
			);
			name = Main.storyboard;
			sourceTree = "<group>";
		};
		9B4957D82BE3B46C00EDCF92 /* LaunchScreen.storyboard */ = {
			isa = PBXVariantGroup;
			children = (
				9B4957D92BE3B46C00EDCF92 /* Base */,
			);
			name = LaunchScreen.storyboard;
			sourceTree = "<group>";
		};
/* End PBXVariantGroup section */

/* Begin XCBuildConfiguration section */
		9B4957DC2BE3B46C00EDCF92 /* Debug */ = {
			isa = XCBuildConfiguration;
			buildSettings = {
				ALWAYS_SEARCH_USER_PATHS = NO;
				ASSETCATALOG_COMPILER_GENERATE_SWIFT_ASSET_SYMBOL_EXTENSIONS = YES;
				CLANG_ANALYZER_NONNULL = YES;
				CLANG_ANALYZER_NUMBER_OBJECT_CONVERSION = YES_AGGRESSIVE;
				CLANG_CXX_LANGUAGE_STANDARD = "gnu++20";
				CLANG_ENABLE_MODULES = YES;
				CLANG_ENABLE_OBJC_ARC = YES;
				CLANG_ENABLE_OBJC_WEAK = YES;
				CLANG_WARN_BLOCK_CAPTURE_AUTORELEASING = YES;
				CLANG_WARN_BOOL_CONVERSION = YES;
				CLANG_WARN_COMMA = YES;
				CLANG_WARN_CONSTANT_CONVERSION = YES;
				CLANG_WARN_DEPRECATED_OBJC_IMPLEMENTATIONS = YES;
				CLANG_WARN_DIRECT_OBJC_ISA_USAGE = YES_ERROR;
				CLANG_WARN_DOCUMENTATION_COMMENTS = YES;
				CLANG_WARN_EMPTY_BODY = YES;
				CLANG_WARN_ENUM_CONVERSION = YES;
				CLANG_WARN_INFINITE_RECURSION = YES;
				CLANG_WARN_INT_CONVERSION = YES;
				CLANG_WARN_NON_LITERAL_NULL_CONVERSION = YES;
				CLANG_WARN_OBJC_IMPLICIT_RETAIN_SELF = YES;
				CLANG_WARN_OBJC_LITERAL_CONVERSION = YES;
				CLANG_WARN_OBJC_ROOT_CLASS = YES_ERROR;
				CLANG_WARN_QUOTED_INCLUDE_IN_FRAMEWORK_HEADER = YES;
				CLANG_WARN_RANGE_LOOP_ANALYSIS = YES;
				CLANG_WARN_STRICT_PROTOTYPES = YES;
				CLANG_WARN_SUSPICIOUS_MOVE = YES;
				CLANG_WARN_UNGUARDED_AVAILABILITY = YES_AGGRESSIVE;
				CLANG_WARN_UNREACHABLE_CODE = YES;
				CLANG_WARN__DUPLICATE_METHOD_MATCH = YES;
				COPY_PHASE_STRIP = NO;
				DEBUG_INFORMATION_FORMAT = dwarf;
				ENABLE_STRICT_OBJC_MSGSEND = YES;
				ENABLE_TESTABILITY = YES;
				ENABLE_USER_SCRIPT_SANDBOXING = NO;
				GCC_C_LANGUAGE_STANDARD = gnu17;
				GCC_DYNAMIC_NO_PIC = NO;
				GCC_NO_COMMON_BLOCKS = YES;
				GCC_OPTIMIZATION_LEVEL = 0;
				GCC_PREPROCESSOR_DEFINITIONS = (
					"DEBUG=1",
					"$(inherited)",
				);
				GCC_WARN_64_TO_32_BIT_CONVERSION = YES;
				GCC_WARN_ABOUT_RETURN_TYPE = YES_ERROR;
				GCC_WARN_UNDECLARED_SELECTOR = YES;
				GCC_WARN_UNINITIALIZED_AUTOS = YES_AGGRESSIVE;
				GCC_WARN_UNUSED_FUNCTION = YES;
				GCC_WARN_UNUSED_VARIABLE = YES;
				IPHONEOS_DEPLOYMENT_TARGET = 17.4;
				LOCALIZATION_PREFERS_STRING_CATALOGS = YES;
				MTL_ENABLE_DEBUG_INFO = INCLUDE_SOURCE;
				MTL_FAST_MATH = YES;
				ONLY_ACTIVE_ARCH = YES;
				SDKROOT = iphoneos;
				SWIFT_ACTIVE_COMPILATION_CONDITIONS = "DEBUG $(inherited)";
				SWIFT_OPTIMIZATION_LEVEL = "-Onone";
			};
			name = Debug;
		};
		9B4957DD2BE3B46C00EDCF92 /* Release */ = {
			isa = XCBuildConfiguration;
			buildSettings = {
				ALWAYS_SEARCH_USER_PATHS = NO;
				ASSETCATALOG_COMPILER_GENERATE_SWIFT_ASSET_SYMBOL_EXTENSIONS = YES;
				CLANG_ANALYZER_NONNULL = YES;
				CLANG_ANALYZER_NUMBER_OBJECT_CONVERSION = YES_AGGRESSIVE;
				CLANG_CXX_LANGUAGE_STANDARD = "gnu++20";
				CLANG_ENABLE_MODULES = YES;
				CLANG_ENABLE_OBJC_ARC = YES;
				CLANG_ENABLE_OBJC_WEAK = YES;
				CLANG_WARN_BLOCK_CAPTURE_AUTORELEASING = YES;
				CLANG_WARN_BOOL_CONVERSION = YES;
				CLANG_WARN_COMMA = YES;
				CLANG_WARN_CONSTANT_CONVERSION = YES;
				CLANG_WARN_DEPRECATED_OBJC_IMPLEMENTATIONS = YES;
				CLANG_WARN_DIRECT_OBJC_ISA_USAGE = YES_ERROR;
				CLANG_WARN_DOCUMENTATION_COMMENTS = YES;
				CLANG_WARN_EMPTY_BODY = YES;
				CLANG_WARN_ENUM_CONVERSION = YES;
				CLANG_WARN_INFINITE_RECURSION = YES;
				CLANG_WARN_INT_CONVERSION = YES;
				CLANG_WARN_NON_LITERAL_NULL_CONVERSION = YES;
				CLANG_WARN_OBJC_IMPLICIT_RETAIN_SELF = YES;
				CLANG_WARN_OBJC_LITERAL_CONVERSION = YES;
				CLANG_WARN_OBJC_ROOT_CLASS = YES_ERROR;
				CLANG_WARN_QUOTED_INCLUDE_IN_FRAMEWORK_HEADER = YES;
				CLANG_WARN_RANGE_LOOP_ANALYSIS = YES;
				CLANG_WARN_STRICT_PROTOTYPES = YES;
				CLANG_WARN_SUSPICIOUS_MOVE = YES;
				CLANG_WARN_UNGUARDED_AVAILABILITY = YES_AGGRESSIVE;
				CLANG_WARN_UNREACHABLE_CODE = YES;
				CLANG_WARN__DUPLICATE_METHOD_MATCH = YES;
				COPY_PHASE_STRIP = NO;
				DEBUG_INFORMATION_FORMAT = "dwarf-with-dsym";
				ENABLE_NS_ASSERTIONS = NO;
				ENABLE_STRICT_OBJC_MSGSEND = YES;
				ENABLE_USER_SCRIPT_SANDBOXING = NO;
				GCC_C_LANGUAGE_STANDARD = gnu17;
				GCC_NO_COMMON_BLOCKS = YES;
				GCC_WARN_64_TO_32_BIT_CONVERSION = YES;
				GCC_WARN_ABOUT_RETURN_TYPE = YES_ERROR;
				GCC_WARN_UNDECLARED_SELECTOR = YES;
				GCC_WARN_UNINITIALIZED_AUTOS = YES_AGGRESSIVE;
				GCC_WARN_UNUSED_FUNCTION = YES;
				GCC_WARN_UNUSED_VARIABLE = YES;
				IPHONEOS_DEPLOYMENT_TARGET = 17.4;
				LOCALIZATION_PREFERS_STRING_CATALOGS = YES;
				MTL_ENABLE_DEBUG_INFO = NO;
				MTL_FAST_MATH = YES;
				SDKROOT = iphoneos;
				SWIFT_COMPILATION_MODE = wholemodule;
				VALIDATE_PRODUCT = YES;
			};
			name = Release;
		};
		9B4957DF2BE3B46C00EDCF92 /* Debug */ = {
			isa = XCBuildConfiguration;
			baseConfigurationReference = D2029DB6D03EA8596D6B00FE /* Pods-TaskTastic.debug.xcconfig */;
			buildSettings = {
				ASSETCATALOG_COMPILER_APPICON_NAME = AppIcon;
				ASSETCATALOG_COMPILER_GLOBAL_ACCENT_COLOR_NAME = AccentColor;
				CODE_SIGN_STYLE = Automatic;
				CURRENT_PROJECT_VERSION = 1;
				DEVELOPMENT_TEAM = Q9T822S676;
				GENERATE_INFOPLIST_FILE = YES;
				INFOPLIST_FILE = TaskTastic/Info.plist;
				INFOPLIST_KEY_UIApplicationSupportsIndirectInputEvents = YES;
				INFOPLIST_KEY_UILaunchStoryboardName = LaunchScreen;
				INFOPLIST_KEY_UIMainStoryboardFile = Main;
				INFOPLIST_KEY_UISupportedInterfaceOrientations = UIInterfaceOrientationPortrait;
				LD_RUNPATH_SEARCH_PATHS = (
					"$(inherited)",
					"@executable_path/Frameworks",
				);
				MARKETING_VERSION = 1.0;
				PRODUCT_BUNDLE_IDENTIFIER = com.rohinmadhavan.TaskTastic;
				PRODUCT_NAME = "$(TARGET_NAME)";
				SUPPORTED_PLATFORMS = "iphoneos iphonesimulator";
				SUPPORTS_MACCATALYST = NO;
				SUPPORTS_MAC_DESIGNED_FOR_IPHONE_IPAD = NO;
				SUPPORTS_XR_DESIGNED_FOR_IPHONE_IPAD = NO;
				SWIFT_EMIT_LOC_STRINGS = YES;
				SWIFT_VERSION = 5.0;
				TARGETED_DEVICE_FAMILY = "1,2";
			};
			name = Debug;
		};
		9B4957E02BE3B46C00EDCF92 /* Release */ = {
			isa = XCBuildConfiguration;
			baseConfigurationReference = 043660FDBDDBD76E783D1DC4 /* Pods-TaskTastic.release.xcconfig */;
			buildSettings = {
				ASSETCATALOG_COMPILER_APPICON_NAME = AppIcon;
				ASSETCATALOG_COMPILER_GLOBAL_ACCENT_COLOR_NAME = AccentColor;
				CODE_SIGN_STYLE = Automatic;
				CURRENT_PROJECT_VERSION = 1;
				DEVELOPMENT_TEAM = Q9T822S676;
				GENERATE_INFOPLIST_FILE = YES;
				INFOPLIST_FILE = TaskTastic/Info.plist;
				INFOPLIST_KEY_UIApplicationSupportsIndirectInputEvents = YES;
				INFOPLIST_KEY_UILaunchStoryboardName = LaunchScreen;
				INFOPLIST_KEY_UIMainStoryboardFile = Main;
				INFOPLIST_KEY_UISupportedInterfaceOrientations = UIInterfaceOrientationPortrait;
				LD_RUNPATH_SEARCH_PATHS = (
					"$(inherited)",
					"@executable_path/Frameworks",
				);
				MARKETING_VERSION = 1.0;
				PRODUCT_BUNDLE_IDENTIFIER = com.rohinmadhavan.TaskTastic;
				PRODUCT_NAME = "$(TARGET_NAME)";
				SUPPORTED_PLATFORMS = "iphoneos iphonesimulator";
				SUPPORTS_MACCATALYST = NO;
				SUPPORTS_MAC_DESIGNED_FOR_IPHONE_IPAD = NO;
				SUPPORTS_XR_DESIGNED_FOR_IPHONE_IPAD = NO;
				SWIFT_EMIT_LOC_STRINGS = YES;
				SWIFT_VERSION = 5.0;
				TARGETED_DEVICE_FAMILY = "1,2";
			};
			name = Release;
		};
/* End XCBuildConfiguration section */

/* Begin XCConfigurationList section */
		9B4957C52BE3B46B00EDCF92 /* Build configuration list for PBXProject "TaskTastic" */ = {
			isa = XCConfigurationList;
			buildConfigurations = (
				9B4957DC2BE3B46C00EDCF92 /* Debug */,
				9B4957DD2BE3B46C00EDCF92 /* Release */,
			);
			defaultConfigurationIsVisible = 0;
			defaultConfigurationName = Release;
		};
		9B4957DE2BE3B46C00EDCF92 /* Build configuration list for PBXNativeTarget "TaskTastic" */ = {
			isa = XCConfigurationList;
			buildConfigurations = (
				9B4957DF2BE3B46C00EDCF92 /* Debug */,
				9B4957E02BE3B46C00EDCF92 /* Release */,
			);
			defaultConfigurationIsVisible = 0;
			defaultConfigurationName = Release;
		};
/* End XCConfigurationList section */
	};
	rootObject = 9B4957C22BE3B46B00EDCF92 /* Project object */;
}
